version = 1
revision = 3
requires-python = ">=3.12"

[[package]]
name = "checkouttask"
version = "0.1.0"
source = { virtual = "." }
dependencies = [
    { name = "confluent-kafka" },
]

[package.metadata]
requires-dist = [{ name = "confluent-kafka", specifier = "==2.3.0" }]

[[package]]
name = "confluent-kafka"
version = "2.3.0"
source = { registry = "https://pypi.org/simple" }
sdist = { url = "https://files.pythonhosted.org/packages/82/f5/2dd545316e143f1707f8f9abfbb770bcd2a0046a32922ca146852dd5e266/confluent-kafka-2.3.0.tar.gz", hash = "sha256:4069e7b56e0baf9db18c053a605213f0ab2d8f23715dca7b3bd97108df446ced", size = 134602, upload-time = "2023-10-25T18:41:58.044Z" }
wheels = [
    { url = "https://files.pythonhosted.org/packages/1c/f0/7252358fb1b15be4b41241842b90238d16077fcd98b0e49215631c6fdee0/confluent_kafka-2.3.0-cp312-cp312-macosx_10_9_x86_64.whl", hash = "sha256:6b46ce75bda0c092da103dbd55cb0ba429c73c232e70b476b19a0ab247ec9057", size = 3352296, upload-time = "2023-10-25T18:38:00.502Z" },
    { url = "https://files.pythonhosted.org/packages/ca/3d/c38853eb9b1b04128ad54771dc425ee08c2f3f2d327571b583247e666efc/confluent_kafka-2.3.0-cp312-cp312-macosx_11_0_arm64.whl", hash = "sha256:af60af786a7b8cbeafea51a9416664b96b0f5ef6243172b0bc59e5f75e8bd86a", size = 2868148, upload-time = "2023-10-25T18:38:07.112Z" },
    { url = "https://files.pythonhosted.org/packages/c3/37/bfc66b4ee67cd10d7c30bfd4ea3611085d3c683e29f1087d93f3f591c626/confluent_kafka-2.3.0-cp312-cp312-manylinux_2_17_x86_64.manylinux2014_x86_64.whl", hash = "sha256:e08b601e09a584c6a4a8c323a71e92fca31a8826ed33b5b95b26783b7a996026", size = 4036354, upload-time = "2023-10-25T18:38:12.818Z" },
    { url = "https://files.pythonhosted.org/packages/14/b8/9179afff00df6a5716d8f71730c7de4391832113d53444db42e5fbabc873/confluent_kafka-2.3.0-cp312-cp312-manylinux_2_28_aarch64.whl", hash = "sha256:7fd1ab257d4fa0e2a98529e4eb2102cf8352ad6b3d22110d6cf0bb1f598893d9", size = 14123225, upload-time = "2023-10-25T18:38:30.427Z" },
    { url = "https://files.pythonhosted.org/packages/60/e4/e234db242139e81019b3d33355f6022f1e9d3fa03ecc2b62ebc1c00a8dbf/confluent_kafka-2.3.0-cp312-cp312-win_amd64.whl", hash = "sha256:1ccf6483d86535627cad7b94982ea95d9fa9ae04ddb552e097c1211ffcde5ea7", size = 3445257, upload-time = "2023-10-25T18:38:37.471Z" },
]
